
Microsoft Visual Studio Solution File, Format Version 12.00
# Visual Studio Version 17
VisualStudioVersion = 17.0.31903.59
MinimumVisualStudioVersion = 10.0.40219.1
Project("{9A19103F-16F7-4668-BE54-9A1E7A4F7556}") = "PolicyApp", "PolicyApp\PolicyApp.csproj", "{6E868820-71AB-4AAD-A256-1514339D2933}"
EndProject
Global
	GlobalSection(SolutionConfigurationPlatforms) = preSolution
		Debug|Any CPU = Debug|Any CPU
		Release|Any CPU = Release|Any CPU
	EndGlobalSection
	GlobalSection(ProjectConfigurationPlatforms) = postSolution
		{6E868820-71AB-4AAD-A256-1514339D2933}.Debug|Any CPU.ActiveCfg = Debug|Any CPU
		{6E868820-71AB-4AAD-A256-1514339D2933}.Debug|Any CPU.Build.0 = Debug|Any CPU
		{6E868820-71AB-4AAD-A256-1514339D2933}.Release|Any CPU.ActiveCfg = Release|Any CPU
		{6E868820-71AB-4AAD-A256-1514339D2933}.Release|Any CPU.Build.0 = Release|Any CPU
	EndGlobalSection
	GlobalSection(SolutionProperties) = preSolution
		HideSolutionNode = FALSE
	EndGlobalSection
	GlobalSection(ExtensibilityGlobals) = postSolution
		SolutionGuid = {53F8AAD3-3057-4DB3-B1F6-2ABCF144BD0A}
	EndGlobalSection
EndGlobal
